
Microsoft Visual Studio Solution File, Format Version 12.00
# Visual Studio Version 17
VisualStudioVersion = 17.1.32414.318
MinimumVisualStudioVersion = 10.0.40219.1
Project("{FAE04EC0-301F-11D3-BF4B-00C04F79EFBC}") = "16_condicional_if_anidado", "16_condicional_if_anidado\16_condicional_if_anidado.csproj", "{9EF2E97E-FE4E-41D9-AE6A-0B8B46623759}"
EndProject
Global
	GlobalSection(SolutionConfigurationPlatforms) = preSolution
		Debug|Any CPU = Debug|Any CPU
		Release|Any CPU = Release|Any CPU
	EndGlobalSection
	GlobalSection(ProjectConfigurationPlatforms) = postSolution
		{9EF2E97E-FE4E-41D9-AE6A-0B8B46623759}.Debug|Any CPU.ActiveCfg = Debug|Any CPU
		{9EF2E97E-FE4E-41D9-AE6A-0B8B46623759}.Debug|Any CPU.Build.0 = Debug|Any CPU
		{9EF2E97E-FE4E-41D9-AE6A-0B8B46623759}.Release|Any CPU.ActiveCfg = Release|Any CPU
		{9EF2E97E-FE4E-41D9-AE6A-0B8B46623759}.Release|Any CPU.Build.0 = Release|Any CPU
	EndGlobalSection
	GlobalSection(SolutionProperties) = preSolution
		HideSolutionNode = FALSE
	EndGlobalSection
	GlobalSection(ExtensibilityGlobals) = postSolution
		SolutionGuid = {87EED868-18F5-4F35-BDBD-9B15779B6D59}
	EndGlobalSection
EndGlobal
